{"cliVersion":"0.20.0","productModuleName":"Domain","sourceFilePaths":[{"path":"\/Users\/abdhilabs-work\/Documents\/About Code\/iOS\/Dicoding\/Submission\/GameRAW\/Domain\/Models\/Game.swift","hash":"a2a61cf2e97950c87bd032f2ce72697e1183cec2"},{"path":"\/Users\/abdhilabs-work\/Documents\/About Code\/iOS\/Dicoding\/Submission\/GameRAW\/Domain\/Models\/GameMapper.swift","hash":"7062c251902b65a08ef0f7f30b6134f7df334165"},{"path":"\/Users\/abdhilabs-work\/Documents\/About Code\/iOS\/Dicoding\/Submission\/GameRAW\/Domain\/UseCase\/DeleteGameUseCase.swift","hash":"f3193f6755921dfcde40fcb38ba23e35874da4e6"},{"path":"\/Users\/abdhilabs-work\/Documents\/About Code\/iOS\/Dicoding\/Submission\/GameRAW\/Domain\/UseCase\/DetailGameUseCase.swift","hash":"ccd4bc0b5623d2d18f5beb60881f2c359e6f6f4c"},{"path":"\/Users\/abdhilabs-work\/Documents\/About Code\/iOS\/Dicoding\/Submission\/GameRAW\/Domain\/UseCase\/FavoriteGameUseCase.swift","hash":"3cf9bdbe940ac24f0037819beeec489c28d12dfb"},{"path":"\/Users\/abdhilabs-work\/Documents\/About Code\/iOS\/Dicoding\/Submission\/GameRAW\/Domain\/UseCase\/GameUseCase.swift","hash":"7a8a1a84c3530ccce96f803e0bc62bd98c87ba36"},{"path":"\/Users\/abdhilabs-work\/Documents\/About Code\/iOS\/Dicoding\/Submission\/GameRAW\/Domain\/UseCase\/GamesFavoriteUseCase.swift","hash":"52526b3e2bb4d5d4c7c4908e29eb626b79db7fad"},{"path":"\/Users\/abdhilabs-work\/Documents\/About Code\/iOS\/Dicoding\/Submission\/GameRAW\/Domain\/UseCase\/SaveGameUseCase.swift","hash":"11a807835ea24af7e629daf7790ccf1983b0a66f"},{"path":"\/Users\/abdhilabs-work\/Documents\/About Code\/iOS\/Dicoding\/Submission\/GameRAW\/Domain\/UseCase\/SearchGamesUseCase.swift","hash":"39f88cc165b83251cc8b065b8ed7a3ca89fc64d0"}],"configHash":"884b726318a54c219d1c51170d552c3f434a0446","dependencyPathsHash":"97778cb90944e957952324018e6549ad2307012f","targetPathsHash":"713cde2cdbd65757147ccd87730ec5b6391533ed","mockedTypesHash":"da39a3ee5e6b4b0d3255bfef95601890afd80709","outputHash":"5d5a22a85b3aa1f38021c667df6ac22b3a13d9e1","dependencies":[{"target":{"productModuleName":"Data","sourceRoot":"\/Users\/abdhilabs-work\/Documents\/About Code\/iOS\/Dicoding\/Submission\/GameRAW","name":"Data","dependencies":[],"sourceFilePaths":[{"path":"\/Users\/abdhilabs-work\/Documents\/About Code\/iOS\/Dicoding\/Submission\/GameRAW\/Data\/DataSources\/Local\/GameLocalDataSource.swift","hash":"156734f771dcff62943987892fd0bfaad878807f"},{"path":"\/Users\/abdhilabs-work\/Documents\/About Code\/iOS\/Dicoding\/Submission\/GameRAW\/Data\/DataSources\/Remote\/GameRemoteDataSource.swift","hash":"d050b7c7de3e467577a58be317fa99b59aaa1b54"},{"path":"\/Users\/abdhilabs-work\/Documents\/About Code\/iOS\/Dicoding\/Submission\/GameRAW\/Data\/LocalServices\/CoreDataService.swift","hash":"98b574237b566a0a3c5ac8efd9b8fa38beb8bc3c"},{"path":"\/Users\/abdhilabs-work\/Documents\/About Code\/iOS\/Dicoding\/Submission\/GameRAW\/Data\/Models\/Mapper\/GameMapper.swift","hash":"f28e5a3c78625557bc35599fd36b72a5135c3449"},{"path":"\/Users\/abdhilabs-work\/Documents\/About Code\/iOS\/Dicoding\/Submission\/GameRAW\/Data\/Models\/Requests\/GameEntityRequest.swift","hash":"310d43a9ec0afe7873d83361856374c7652546f1"},{"path":"\/Users\/abdhilabs-work\/Documents\/About Code\/iOS\/Dicoding\/Submission\/GameRAW\/Data\/Models\/Requests\/GameRequest.swift","hash":"662aa980aeb061955e4de69ce645300d6dc3ad39"},{"path":"\/Users\/abdhilabs-work\/Documents\/About Code\/iOS\/Dicoding\/Submission\/GameRAW\/Data\/Models\/Responses\/DeveloperResponse.swift","hash":"2c5eed2cba645e69463de064ce5424082ee0859f"},{"path":"\/Users\/abdhilabs-work\/Documents\/About Code\/iOS\/Dicoding\/Submission\/GameRAW\/Data\/Models\/Responses\/EsrbRatingResponse.swift","hash":"e6c56b036359ee22bc7d8b43421fb72dd9e5e4df"},{"path":"\/Users\/abdhilabs-work\/Documents\/About Code\/iOS\/Dicoding\/Submission\/GameRAW\/Data\/Models\/Responses\/GameResponse.swift","hash":"3908e1d5c3718141004808d94e09b4a234fb2b89"},{"path":"\/Users\/abdhilabs-work\/Documents\/About Code\/iOS\/Dicoding\/Submission\/GameRAW\/Data\/Models\/Responses\/GenreResponse.swift","hash":"3d0019822004b2677ab2635c4568a86bcd75e566"},{"path":"\/Users\/abdhilabs-work\/Documents\/About Code\/iOS\/Dicoding\/Submission\/GameRAW\/Data\/Models\/Responses\/ParentPlatformResponse.swift","hash":"7d1c8c9bf4f1aac8bfd95b99b9db3e7d6a4ca85b"},{"path":"\/Users\/abdhilabs-work\/Documents\/About Code\/iOS\/Dicoding\/Submission\/GameRAW\/Data\/Models\/Responses\/PublisherResponse.swift","hash":"4aa30baf8d06ec901b532ccede533dcc17ac785e"},{"path":"\/Users\/abdhilabs-work\/Documents\/About Code\/iOS\/Dicoding\/Submission\/GameRAW\/Data\/Models\/Responses\/RatingResponse.swift","hash":"3be4e161994a1df8f9fed9994f6726db1d671d7e"},{"path":"\/Users\/abdhilabs-work\/Documents\/About Code\/iOS\/Dicoding\/Submission\/GameRAW\/Data\/NetworkServices\/APIConfiguration.swift","hash":"2e27ffaeb9627b8d7ede8754a6ca65a992807bdf"},{"path":"\/Users\/abdhilabs-work\/Documents\/About Code\/iOS\/Dicoding\/Submission\/GameRAW\/Data\/NetworkServices\/ApiError.swift","hash":"83de4f9b06de663fedc2c3cc371827e6f37d6d0f"},{"path":"\/Users\/abdhilabs-work\/Documents\/About Code\/iOS\/Dicoding\/Submission\/GameRAW\/Data\/NetworkServices\/GameAPI.swift","hash":"6e480538a84adfc4615d925e828b43439a372ce8"},{"path":"\/Users\/abdhilabs-work\/Documents\/About Code\/iOS\/Dicoding\/Submission\/GameRAW\/Data\/NetworkServices\/NetworkService.swift","hash":"e52d051d8f0431ae419d719306ffa5c106389095"},{"path":"\/Users\/abdhilabs-work\/Documents\/About Code\/iOS\/Dicoding\/Submission\/GameRAW\/Data\/Repository\/GameRepository.swift","hash":"b212b6e1bd26dfea34c53a241a252e2ba6e432ce"},{"path":"\/Users\/abdhilabs-work\/Documents\/About Code\/iOS\/Dicoding\/Submission\/GameRAW\/Data\/Utils\/SerializableColor.swift","hash":"da992da294812000303a69f02837cb7c9023a2f0"},{"path":"\/Users\/abdhilabs-work\/Documents\/About Code\/iOS\/Dicoding\/Submission\/GameRAW\/Data\/Utils\/SerializableColorTransformer.swift","hash":"0ed1bd3074f959440fcdce2c1be18132ef5e55e1"}]}},{"target":{"productModuleName":"Data","sourceRoot":"\/Users\/abdhilabs-work\/Documents\/About Code\/iOS\/Dicoding\/Submission\/GameRAW","name":"Data","dependencies":[],"sourceFilePaths":[{"path":"\/Users\/abdhilabs-work\/Documents\/About Code\/iOS\/Dicoding\/Submission\/GameRAW\/Data\/DataSources\/Local\/GameLocalDataSource.swift","hash":"156734f771dcff62943987892fd0bfaad878807f"},{"path":"\/Users\/abdhilabs-work\/Documents\/About Code\/iOS\/Dicoding\/Submission\/GameRAW\/Data\/DataSources\/Remote\/GameRemoteDataSource.swift","hash":"d050b7c7de3e467577a58be317fa99b59aaa1b54"},{"path":"\/Users\/abdhilabs-work\/Documents\/About Code\/iOS\/Dicoding\/Submission\/GameRAW\/Data\/LocalServices\/CoreDataService.swift","hash":"98b574237b566a0a3c5ac8efd9b8fa38beb8bc3c"},{"path":"\/Users\/abdhilabs-work\/Documents\/About Code\/iOS\/Dicoding\/Submission\/GameRAW\/Data\/Models\/Mapper\/GameMapper.swift","hash":"f28e5a3c78625557bc35599fd36b72a5135c3449"},{"path":"\/Users\/abdhilabs-work\/Documents\/About Code\/iOS\/Dicoding\/Submission\/GameRAW\/Data\/Models\/Requests\/GameEntityRequest.swift","hash":"310d43a9ec0afe7873d83361856374c7652546f1"},{"path":"\/Users\/abdhilabs-work\/Documents\/About Code\/iOS\/Dicoding\/Submission\/GameRAW\/Data\/Models\/Requests\/GameRequest.swift","hash":"662aa980aeb061955e4de69ce645300d6dc3ad39"},{"path":"\/Users\/abdhilabs-work\/Documents\/About Code\/iOS\/Dicoding\/Submission\/GameRAW\/Data\/Models\/Responses\/DeveloperResponse.swift","hash":"2c5eed2cba645e69463de064ce5424082ee0859f"},{"path":"\/Users\/abdhilabs-work\/Documents\/About Code\/iOS\/Dicoding\/Submission\/GameRAW\/Data\/Models\/Responses\/EsrbRatingResponse.swift","hash":"e6c56b036359ee22bc7d8b43421fb72dd9e5e4df"},{"path":"\/Users\/abdhilabs-work\/Documents\/About Code\/iOS\/Dicoding\/Submission\/GameRAW\/Data\/Models\/Responses\/GameResponse.swift","hash":"3908e1d5c3718141004808d94e09b4a234fb2b89"},{"path":"\/Users\/abdhilabs-work\/Documents\/About Code\/iOS\/Dicoding\/Submission\/GameRAW\/Data\/Models\/Responses\/GenreResponse.swift","hash":"3d0019822004b2677ab2635c4568a86bcd75e566"},{"path":"\/Users\/abdhilabs-work\/Documents\/About Code\/iOS\/Dicoding\/Submission\/GameRAW\/Data\/Models\/Responses\/ParentPlatformResponse.swift","hash":"7d1c8c9bf4f1aac8bfd95b99b9db3e7d6a4ca85b"},{"path":"\/Users\/abdhilabs-work\/Documents\/About Code\/iOS\/Dicoding\/Submission\/GameRAW\/Data\/Models\/Responses\/PublisherResponse.swift","hash":"4aa30baf8d06ec901b532ccede533dcc17ac785e"},{"path":"\/Users\/abdhilabs-work\/Documents\/About Code\/iOS\/Dicoding\/Submission\/GameRAW\/Data\/Models\/Responses\/RatingResponse.swift","hash":"3be4e161994a1df8f9fed9994f6726db1d671d7e"},{"path":"\/Users\/abdhilabs-work\/Documents\/About Code\/iOS\/Dicoding\/Submission\/GameRAW\/Data\/NetworkServices\/APIConfiguration.swift","hash":"2e27ffaeb9627b8d7ede8754a6ca65a992807bdf"},{"path":"\/Users\/abdhilabs-work\/Documents\/About Code\/iOS\/Dicoding\/Submission\/GameRAW\/Data\/NetworkServices\/ApiError.swift","hash":"83de4f9b06de663fedc2c3cc371827e6f37d6d0f"},{"path":"\/Users\/abdhilabs-work\/Documents\/About Code\/iOS\/Dicoding\/Submission\/GameRAW\/Data\/NetworkServices\/GameAPI.swift","hash":"6e480538a84adfc4615d925e828b43439a372ce8"},{"path":"\/Users\/abdhilabs-work\/Documents\/About Code\/iOS\/Dicoding\/Submission\/GameRAW\/Data\/NetworkServices\/NetworkService.swift","hash":"e52d051d8f0431ae419d719306ffa5c106389095"},{"path":"\/Users\/abdhilabs-work\/Documents\/About Code\/iOS\/Dicoding\/Submission\/GameRAW\/Data\/Repository\/GameRepository.swift","hash":"b212b6e1bd26dfea34c53a241a252e2ba6e432ce"},{"path":"\/Users\/abdhilabs-work\/Documents\/About Code\/iOS\/Dicoding\/Submission\/GameRAW\/Data\/Utils\/SerializableColor.swift","hash":"da992da294812000303a69f02837cb7c9023a2f0"},{"path":"\/Users\/abdhilabs-work\/Documents\/About Code\/iOS\/Dicoding\/Submission\/GameRAW\/Data\/Utils\/SerializableColorTransformer.swift","hash":"0ed1bd3074f959440fcdce2c1be18132ef5e55e1"}]}}],"sourceRoot":"\/Users\/abdhilabs-work\/Documents\/About Code\/iOS\/Dicoding\/Submission\/GameRAW","supportingFilePaths":[],"name":"Domain","projectHash":"1ee8edbdb8fa6ace30df7ac845aab9685fc7fa48"}