{"cliVersion":"0.20.0","productModuleName":"GameRAW","sourceFilePaths":[{"path":"\/Users\/abdhilabs-work\/Documents\/About Code\/iOS\/Dicoding\/Submission\/GameRAW\/App\/Extension\/Color.swift","hash":"a762c79902ab030a8cbca364b987e3937b7479dc"},{"path":"\/Users\/abdhilabs-work\/Documents\/About Code\/iOS\/Dicoding\/Submission\/GameRAW\/App\/Extension\/Date.swift","hash":"7da6bbb8bad5a6c0ed0c035733589bffebfbcb3e"},{"path":"\/Users\/abdhilabs-work\/Documents\/About Code\/iOS\/Dicoding\/Submission\/GameRAW\/App\/Extension\/Double.swift","hash":"2a7c05c6fc91517ba9b2a1ff486e91d54206895d"},{"path":"\/Users\/abdhilabs-work\/Documents\/About Code\/iOS\/Dicoding\/Submission\/GameRAW\/App\/Extension\/String+Image.swift","hash":"bc4f85dd0bb06ef7ce6e775fbc5c2785397ba6c7"},{"path":"\/Users\/abdhilabs-work\/Documents\/About Code\/iOS\/Dicoding\/Submission\/GameRAW\/App\/Extension\/String.swift","hash":"0ba4e716238f176b047317321c9e35b02f221735"},{"path":"\/Users\/abdhilabs-work\/Documents\/About Code\/iOS\/Dicoding\/Submission\/GameRAW\/App\/Extension\/UIScreen.swift","hash":"cc8373c5671ccabd6b6c2970cb25287dc0f743af"},{"path":"\/Users\/abdhilabs-work\/Documents\/About Code\/iOS\/Dicoding\/Submission\/GameRAW\/App\/Features\/Favorite\/ViewModel\/FavoriteViewModel.swift","hash":"fadbc71d3c361a64d15821a16557a204bddd90a7"},{"path":"\/Users\/abdhilabs-work\/Documents\/About Code\/iOS\/Dicoding\/Submission\/GameRAW\/App\/Features\/Favorite\/Views\/FavoriteView.swift","hash":"d6ade030e48049c2c4e4b4b5aca358888e2d674f"},{"path":"\/Users\/abdhilabs-work\/Documents\/About Code\/iOS\/Dicoding\/Submission\/GameRAW\/App\/Features\/Favorite\/Views\/Rows\/FavoriteRow.swift","hash":"79cc313ff593253557398f2700a7b4012de242f2"},{"path":"\/Users\/abdhilabs-work\/Documents\/About Code\/iOS\/Dicoding\/Submission\/GameRAW\/App\/Features\/Games\/ViewModel\/GamesViewModel.swift","hash":"64c8da0d051a5ea3399b318bc4ca506c6fac710c"},{"path":"\/Users\/abdhilabs-work\/Documents\/About Code\/iOS\/Dicoding\/Submission\/GameRAW\/App\/Features\/Games\/Views\/GameDetailView.swift","hash":"c3113f6e70524e95886d34d3b6a3144473dd729c"},{"path":"\/Users\/abdhilabs-work\/Documents\/About Code\/iOS\/Dicoding\/Submission\/GameRAW\/App\/Features\/Games\/Views\/GamesView.swift","hash":"9273881d30302f24388e20805a6d8f5a9827d687"},{"path":"\/Users\/abdhilabs-work\/Documents\/About Code\/iOS\/Dicoding\/Submission\/GameRAW\/App\/Features\/Games\/Views\/Rows\/BannerGameRow.swift","hash":"4c1012c0809e6f544810d6ec5159f6ff46d67f31"},{"path":"\/Users\/abdhilabs-work\/Documents\/About Code\/iOS\/Dicoding\/Submission\/GameRAW\/App\/Features\/Games\/Views\/Rows\/GamesRow.swift","hash":"7c6a7cc31fc520bbdd79c3c195609a4f95d57604"},{"path":"\/Users\/abdhilabs-work\/Documents\/About Code\/iOS\/Dicoding\/Submission\/GameRAW\/App\/Features\/Profile\/ProfileView.swift","hash":"7a14dfbd81b1388b02c7a5949528b4c096fcb991"},{"path":"\/Users\/abdhilabs-work\/Documents\/About Code\/iOS\/Dicoding\/Submission\/GameRAW\/App\/Features\/Search\/SearchView.swift","hash":"3294e4cb1f2e11ac7caa90772211123589e8662a"},{"path":"\/Users\/abdhilabs-work\/Documents\/About Code\/iOS\/Dicoding\/Submission\/GameRAW\/App\/Main\/ContentView.swift","hash":"e6c2fb5e1a1b9d3f985c9e99b08162535c18bb73"},{"path":"\/Users\/abdhilabs-work\/Documents\/About Code\/iOS\/Dicoding\/Submission\/GameRAW\/App\/Main\/FactoryInjection.swift","hash":"9d44f5dffa3aec722c370df6df65c1287189663e"},{"path":"\/Users\/abdhilabs-work\/Documents\/About Code\/iOS\/Dicoding\/Submission\/GameRAW\/App\/Main\/GameRAWApp.swift","hash":"e03294de6e913fd837cfec22336e63030bb8cc2e"},{"path":"\/Users\/abdhilabs-work\/Documents\/About Code\/iOS\/Dicoding\/Submission\/GameRAW\/App\/Main\/MainTabBarView.swift","hash":"95a17b7a7e5beaabfa7787a9c2695ea0bff675f0"},{"path":"\/Users\/abdhilabs-work\/Documents\/About Code\/iOS\/Dicoding\/Submission\/GameRAW\/App\/Utils\/NavigationStateManager.swift","hash":"cd344678184888a7988440aea135fd18c439d098"},{"path":"\/Users\/abdhilabs-work\/Documents\/About Code\/iOS\/Dicoding\/Submission\/GameRAW\/App\/Utils\/PersitentManager.swift","hash":"e78112b8e9c62c43ccee252376e24b5a649cbd32"},{"path":"\/Users\/abdhilabs-work\/Documents\/About Code\/iOS\/Dicoding\/Submission\/GameRAW\/App\/Utils\/TextFieldObserver.swift","hash":"8c59f30600d2613db52964a00ce7bd1e65b5c7d4"},{"path":"\/Users\/abdhilabs-work\/Documents\/About Code\/iOS\/Dicoding\/Submission\/GameRAW\/App\/Utils\/ViewState.swift","hash":"24095e2e8b8cdf4ffe2237f8016302ded2da9a3c"},{"path":"\/Users\/abdhilabs-work\/Documents\/About Code\/iOS\/Dicoding\/Submission\/GameRAW\/App\/Utils\/ViewStateModifier.swift","hash":"16173689cc89d8a481e0936cbef6a33803f7fca2"},{"path":"\/Users\/abdhilabs-work\/Documents\/About Code\/iOS\/Dicoding\/Submission\/GameRAW\/App\/Views\/GameRAWWebImage.swift","hash":"6eb1a1491d27b22072d94b3b480602ec0abdb484"},{"path":"\/Users\/abdhilabs-work\/Documents\/About Code\/iOS\/Dicoding\/Submission\/GameRAW\/App\/Views\/GeneralErrorView.swift","hash":"e0a07827aca11b0633104a88c887d00440a2df23"},{"path":"\/Users\/abdhilabs-work\/Documents\/About Code\/iOS\/Dicoding\/Submission\/GameRAW\/App\/Views\/Spacer.swift","hash":"06cbfef9a3cca5d21d5f6bc0c215caccdbabf12e"}],"configHash":"19b08adf5790d31849da4b05c4786899d4125f1f","dependencyPathsHash":"d67a90027e4e1fd63fdcca2947ad6be83406c6c3","targetPathsHash":"d5c1f92bce79bb771fbb673f63e8b8efd6e953d9","mockedTypesHash":"da39a3ee5e6b4b0d3255bfef95601890afd80709","outputHash":"650d605bff1d221326af70cd1a90d81e92f48f31","dependencies":[{"target":{"productModuleName":"Data","sourceRoot":"\/Users\/abdhilabs-work\/Documents\/About Code\/iOS\/Dicoding\/Submission\/GameRAW","name":"Data","dependencies":[],"sourceFilePaths":[{"path":"\/Users\/abdhilabs-work\/Documents\/About Code\/iOS\/Dicoding\/Submission\/GameRAW\/Data\/DataSources\/Local\/GameLocalDataSource.swift","hash":"156734f771dcff62943987892fd0bfaad878807f"},{"path":"\/Users\/abdhilabs-work\/Documents\/About Code\/iOS\/Dicoding\/Submission\/GameRAW\/Data\/DataSources\/Remote\/GameRemoteDataSource.swift","hash":"d050b7c7de3e467577a58be317fa99b59aaa1b54"},{"path":"\/Users\/abdhilabs-work\/Documents\/About Code\/iOS\/Dicoding\/Submission\/GameRAW\/Data\/LocalServices\/CoreDataService.swift","hash":"98b574237b566a0a3c5ac8efd9b8fa38beb8bc3c"},{"path":"\/Users\/abdhilabs-work\/Documents\/About Code\/iOS\/Dicoding\/Submission\/GameRAW\/Data\/Models\/Mapper\/GameMapper.swift","hash":"f28e5a3c78625557bc35599fd36b72a5135c3449"},{"path":"\/Users\/abdhilabs-work\/Documents\/About Code\/iOS\/Dicoding\/Submission\/GameRAW\/Data\/Models\/Requests\/GameEntityRequest.swift","hash":"310d43a9ec0afe7873d83361856374c7652546f1"},{"path":"\/Users\/abdhilabs-work\/Documents\/About Code\/iOS\/Dicoding\/Submission\/GameRAW\/Data\/Models\/Requests\/GameRequest.swift","hash":"662aa980aeb061955e4de69ce645300d6dc3ad39"},{"path":"\/Users\/abdhilabs-work\/Documents\/About Code\/iOS\/Dicoding\/Submission\/GameRAW\/Data\/Models\/Responses\/DeveloperResponse.swift","hash":"2c5eed2cba645e69463de064ce5424082ee0859f"},{"path":"\/Users\/abdhilabs-work\/Documents\/About Code\/iOS\/Dicoding\/Submission\/GameRAW\/Data\/Models\/Responses\/EsrbRatingResponse.swift","hash":"e6c56b036359ee22bc7d8b43421fb72dd9e5e4df"},{"path":"\/Users\/abdhilabs-work\/Documents\/About Code\/iOS\/Dicoding\/Submission\/GameRAW\/Data\/Models\/Responses\/GameResponse.swift","hash":"3908e1d5c3718141004808d94e09b4a234fb2b89"},{"path":"\/Users\/abdhilabs-work\/Documents\/About Code\/iOS\/Dicoding\/Submission\/GameRAW\/Data\/Models\/Responses\/GenreResponse.swift","hash":"3d0019822004b2677ab2635c4568a86bcd75e566"},{"path":"\/Users\/abdhilabs-work\/Documents\/About Code\/iOS\/Dicoding\/Submission\/GameRAW\/Data\/Models\/Responses\/ParentPlatformResponse.swift","hash":"7d1c8c9bf4f1aac8bfd95b99b9db3e7d6a4ca85b"},{"path":"\/Users\/abdhilabs-work\/Documents\/About Code\/iOS\/Dicoding\/Submission\/GameRAW\/Data\/Models\/Responses\/PublisherResponse.swift","hash":"4aa30baf8d06ec901b532ccede533dcc17ac785e"},{"path":"\/Users\/abdhilabs-work\/Documents\/About Code\/iOS\/Dicoding\/Submission\/GameRAW\/Data\/Models\/Responses\/RatingResponse.swift","hash":"3be4e161994a1df8f9fed9994f6726db1d671d7e"},{"path":"\/Users\/abdhilabs-work\/Documents\/About Code\/iOS\/Dicoding\/Submission\/GameRAW\/Data\/NetworkServices\/APIConfiguration.swift","hash":"2e27ffaeb9627b8d7ede8754a6ca65a992807bdf"},{"path":"\/Users\/abdhilabs-work\/Documents\/About Code\/iOS\/Dicoding\/Submission\/GameRAW\/Data\/NetworkServices\/ApiError.swift","hash":"83de4f9b06de663fedc2c3cc371827e6f37d6d0f"},{"path":"\/Users\/abdhilabs-work\/Documents\/About Code\/iOS\/Dicoding\/Submission\/GameRAW\/Data\/NetworkServices\/GameAPI.swift","hash":"6e480538a84adfc4615d925e828b43439a372ce8"},{"path":"\/Users\/abdhilabs-work\/Documents\/About Code\/iOS\/Dicoding\/Submission\/GameRAW\/Data\/NetworkServices\/NetworkService.swift","hash":"e52d051d8f0431ae419d719306ffa5c106389095"},{"path":"\/Users\/abdhilabs-work\/Documents\/About Code\/iOS\/Dicoding\/Submission\/GameRAW\/Data\/Repository\/GameRepository.swift","hash":"b212b6e1bd26dfea34c53a241a252e2ba6e432ce"},{"path":"\/Users\/abdhilabs-work\/Documents\/About Code\/iOS\/Dicoding\/Submission\/GameRAW\/Data\/Utils\/SerializableColor.swift","hash":"da992da294812000303a69f02837cb7c9023a2f0"},{"path":"\/Users\/abdhilabs-work\/Documents\/About Code\/iOS\/Dicoding\/Submission\/GameRAW\/Data\/Utils\/SerializableColorTransformer.swift","hash":"0ed1bd3074f959440fcdce2c1be18132ef5e55e1"}]}},{"target":{"productModuleName":"Domain","sourceRoot":"\/Users\/abdhilabs-work\/Documents\/About Code\/iOS\/Dicoding\/Submission\/GameRAW","name":"Domain","dependencies":[{"target":{"productModuleName":"Data","sourceRoot":"\/Users\/abdhilabs-work\/Documents\/About Code\/iOS\/Dicoding\/Submission\/GameRAW","name":"Data","dependencies":[],"sourceFilePaths":[{"path":"\/Users\/abdhilabs-work\/Documents\/About Code\/iOS\/Dicoding\/Submission\/GameRAW\/Data\/DataSources\/Local\/GameLocalDataSource.swift","hash":"156734f771dcff62943987892fd0bfaad878807f"},{"path":"\/Users\/abdhilabs-work\/Documents\/About Code\/iOS\/Dicoding\/Submission\/GameRAW\/Data\/DataSources\/Remote\/GameRemoteDataSource.swift","hash":"d050b7c7de3e467577a58be317fa99b59aaa1b54"},{"path":"\/Users\/abdhilabs-work\/Documents\/About Code\/iOS\/Dicoding\/Submission\/GameRAW\/Data\/LocalServices\/CoreDataService.swift","hash":"98b574237b566a0a3c5ac8efd9b8fa38beb8bc3c"},{"path":"\/Users\/abdhilabs-work\/Documents\/About Code\/iOS\/Dicoding\/Submission\/GameRAW\/Data\/Models\/Mapper\/GameMapper.swift","hash":"f28e5a3c78625557bc35599fd36b72a5135c3449"},{"path":"\/Users\/abdhilabs-work\/Documents\/About Code\/iOS\/Dicoding\/Submission\/GameRAW\/Data\/Models\/Requests\/GameEntityRequest.swift","hash":"310d43a9ec0afe7873d83361856374c7652546f1"},{"path":"\/Users\/abdhilabs-work\/Documents\/About Code\/iOS\/Dicoding\/Submission\/GameRAW\/Data\/Models\/Requests\/GameRequest.swift","hash":"662aa980aeb061955e4de69ce645300d6dc3ad39"},{"path":"\/Users\/abdhilabs-work\/Documents\/About Code\/iOS\/Dicoding\/Submission\/GameRAW\/Data\/Models\/Responses\/DeveloperResponse.swift","hash":"2c5eed2cba645e69463de064ce5424082ee0859f"},{"path":"\/Users\/abdhilabs-work\/Documents\/About Code\/iOS\/Dicoding\/Submission\/GameRAW\/Data\/Models\/Responses\/EsrbRatingResponse.swift","hash":"e6c56b036359ee22bc7d8b43421fb72dd9e5e4df"},{"path":"\/Users\/abdhilabs-work\/Documents\/About Code\/iOS\/Dicoding\/Submission\/GameRAW\/Data\/Models\/Responses\/GameResponse.swift","hash":"3908e1d5c3718141004808d94e09b4a234fb2b89"},{"path":"\/Users\/abdhilabs-work\/Documents\/About Code\/iOS\/Dicoding\/Submission\/GameRAW\/Data\/Models\/Responses\/GenreResponse.swift","hash":"3d0019822004b2677ab2635c4568a86bcd75e566"},{"path":"\/Users\/abdhilabs-work\/Documents\/About Code\/iOS\/Dicoding\/Submission\/GameRAW\/Data\/Models\/Responses\/ParentPlatformResponse.swift","hash":"7d1c8c9bf4f1aac8bfd95b99b9db3e7d6a4ca85b"},{"path":"\/Users\/abdhilabs-work\/Documents\/About Code\/iOS\/Dicoding\/Submission\/GameRAW\/Data\/Models\/Responses\/PublisherResponse.swift","hash":"4aa30baf8d06ec901b532ccede533dcc17ac785e"},{"path":"\/Users\/abdhilabs-work\/Documents\/About Code\/iOS\/Dicoding\/Submission\/GameRAW\/Data\/Models\/Responses\/RatingResponse.swift","hash":"3be4e161994a1df8f9fed9994f6726db1d671d7e"},{"path":"\/Users\/abdhilabs-work\/Documents\/About Code\/iOS\/Dicoding\/Submission\/GameRAW\/Data\/NetworkServices\/APIConfiguration.swift","hash":"2e27ffaeb9627b8d7ede8754a6ca65a992807bdf"},{"path":"\/Users\/abdhilabs-work\/Documents\/About Code\/iOS\/Dicoding\/Submission\/GameRAW\/Data\/NetworkServices\/ApiError.swift","hash":"83de4f9b06de663fedc2c3cc371827e6f37d6d0f"},{"path":"\/Users\/abdhilabs-work\/Documents\/About Code\/iOS\/Dicoding\/Submission\/GameRAW\/Data\/NetworkServices\/GameAPI.swift","hash":"6e480538a84adfc4615d925e828b43439a372ce8"},{"path":"\/Users\/abdhilabs-work\/Documents\/About Code\/iOS\/Dicoding\/Submission\/GameRAW\/Data\/NetworkServices\/NetworkService.swift","hash":"e52d051d8f0431ae419d719306ffa5c106389095"},{"path":"\/Users\/abdhilabs-work\/Documents\/About Code\/iOS\/Dicoding\/Submission\/GameRAW\/Data\/Repository\/GameRepository.swift","hash":"b212b6e1bd26dfea34c53a241a252e2ba6e432ce"},{"path":"\/Users\/abdhilabs-work\/Documents\/About Code\/iOS\/Dicoding\/Submission\/GameRAW\/Data\/Utils\/SerializableColor.swift","hash":"da992da294812000303a69f02837cb7c9023a2f0"},{"path":"\/Users\/abdhilabs-work\/Documents\/About Code\/iOS\/Dicoding\/Submission\/GameRAW\/Data\/Utils\/SerializableColorTransformer.swift","hash":"0ed1bd3074f959440fcdce2c1be18132ef5e55e1"}]}},{"target":{"productModuleName":"Data","sourceRoot":"\/Users\/abdhilabs-work\/Documents\/About Code\/iOS\/Dicoding\/Submission\/GameRAW","name":"Data","dependencies":[],"sourceFilePaths":[{"path":"\/Users\/abdhilabs-work\/Documents\/About Code\/iOS\/Dicoding\/Submission\/GameRAW\/Data\/DataSources\/Local\/GameLocalDataSource.swift","hash":"156734f771dcff62943987892fd0bfaad878807f"},{"path":"\/Users\/abdhilabs-work\/Documents\/About Code\/iOS\/Dicoding\/Submission\/GameRAW\/Data\/DataSources\/Remote\/GameRemoteDataSource.swift","hash":"d050b7c7de3e467577a58be317fa99b59aaa1b54"},{"path":"\/Users\/abdhilabs-work\/Documents\/About Code\/iOS\/Dicoding\/Submission\/GameRAW\/Data\/LocalServices\/CoreDataService.swift","hash":"98b574237b566a0a3c5ac8efd9b8fa38beb8bc3c"},{"path":"\/Users\/abdhilabs-work\/Documents\/About Code\/iOS\/Dicoding\/Submission\/GameRAW\/Data\/Models\/Mapper\/GameMapper.swift","hash":"f28e5a3c78625557bc35599fd36b72a5135c3449"},{"path":"\/Users\/abdhilabs-work\/Documents\/About Code\/iOS\/Dicoding\/Submission\/GameRAW\/Data\/Models\/Requests\/GameEntityRequest.swift","hash":"310d43a9ec0afe7873d83361856374c7652546f1"},{"path":"\/Users\/abdhilabs-work\/Documents\/About Code\/iOS\/Dicoding\/Submission\/GameRAW\/Data\/Models\/Requests\/GameRequest.swift","hash":"662aa980aeb061955e4de69ce645300d6dc3ad39"},{"path":"\/Users\/abdhilabs-work\/Documents\/About Code\/iOS\/Dicoding\/Submission\/GameRAW\/Data\/Models\/Responses\/DeveloperResponse.swift","hash":"2c5eed2cba645e69463de064ce5424082ee0859f"},{"path":"\/Users\/abdhilabs-work\/Documents\/About Code\/iOS\/Dicoding\/Submission\/GameRAW\/Data\/Models\/Responses\/EsrbRatingResponse.swift","hash":"e6c56b036359ee22bc7d8b43421fb72dd9e5e4df"},{"path":"\/Users\/abdhilabs-work\/Documents\/About Code\/iOS\/Dicoding\/Submission\/GameRAW\/Data\/Models\/Responses\/GameResponse.swift","hash":"3908e1d5c3718141004808d94e09b4a234fb2b89"},{"path":"\/Users\/abdhilabs-work\/Documents\/About Code\/iOS\/Dicoding\/Submission\/GameRAW\/Data\/Models\/Responses\/GenreResponse.swift","hash":"3d0019822004b2677ab2635c4568a86bcd75e566"},{"path":"\/Users\/abdhilabs-work\/Documents\/About Code\/iOS\/Dicoding\/Submission\/GameRAW\/Data\/Models\/Responses\/ParentPlatformResponse.swift","hash":"7d1c8c9bf4f1aac8bfd95b99b9db3e7d6a4ca85b"},{"path":"\/Users\/abdhilabs-work\/Documents\/About Code\/iOS\/Dicoding\/Submission\/GameRAW\/Data\/Models\/Responses\/PublisherResponse.swift","hash":"4aa30baf8d06ec901b532ccede533dcc17ac785e"},{"path":"\/Users\/abdhilabs-work\/Documents\/About Code\/iOS\/Dicoding\/Submission\/GameRAW\/Data\/Models\/Responses\/RatingResponse.swift","hash":"3be4e161994a1df8f9fed9994f6726db1d671d7e"},{"path":"\/Users\/abdhilabs-work\/Documents\/About Code\/iOS\/Dicoding\/Submission\/GameRAW\/Data\/NetworkServices\/APIConfiguration.swift","hash":"2e27ffaeb9627b8d7ede8754a6ca65a992807bdf"},{"path":"\/Users\/abdhilabs-work\/Documents\/About Code\/iOS\/Dicoding\/Submission\/GameRAW\/Data\/NetworkServices\/ApiError.swift","hash":"83de4f9b06de663fedc2c3cc371827e6f37d6d0f"},{"path":"\/Users\/abdhilabs-work\/Documents\/About Code\/iOS\/Dicoding\/Submission\/GameRAW\/Data\/NetworkServices\/GameAPI.swift","hash":"6e480538a84adfc4615d925e828b43439a372ce8"},{"path":"\/Users\/abdhilabs-work\/Documents\/About Code\/iOS\/Dicoding\/Submission\/GameRAW\/Data\/NetworkServices\/NetworkService.swift","hash":"e52d051d8f0431ae419d719306ffa5c106389095"},{"path":"\/Users\/abdhilabs-work\/Documents\/About Code\/iOS\/Dicoding\/Submission\/GameRAW\/Data\/Repository\/GameRepository.swift","hash":"b212b6e1bd26dfea34c53a241a252e2ba6e432ce"},{"path":"\/Users\/abdhilabs-work\/Documents\/About Code\/iOS\/Dicoding\/Submission\/GameRAW\/Data\/Utils\/SerializableColor.swift","hash":"da992da294812000303a69f02837cb7c9023a2f0"},{"path":"\/Users\/abdhilabs-work\/Documents\/About Code\/iOS\/Dicoding\/Submission\/GameRAW\/Data\/Utils\/SerializableColorTransformer.swift","hash":"0ed1bd3074f959440fcdce2c1be18132ef5e55e1"}]}}],"sourceFilePaths":[{"path":"\/Users\/abdhilabs-work\/Documents\/About Code\/iOS\/Dicoding\/Submission\/GameRAW\/Domain\/Models\/Game.swift","hash":"a2a61cf2e97950c87bd032f2ce72697e1183cec2"},{"path":"\/Users\/abdhilabs-work\/Documents\/About Code\/iOS\/Dicoding\/Submission\/GameRAW\/Domain\/Models\/GameMapper.swift","hash":"7062c251902b65a08ef0f7f30b6134f7df334165"},{"path":"\/Users\/abdhilabs-work\/Documents\/About Code\/iOS\/Dicoding\/Submission\/GameRAW\/Domain\/UseCase\/DeleteGameUseCase.swift","hash":"f3193f6755921dfcde40fcb38ba23e35874da4e6"},{"path":"\/Users\/abdhilabs-work\/Documents\/About Code\/iOS\/Dicoding\/Submission\/GameRAW\/Domain\/UseCase\/DetailGameUseCase.swift","hash":"ccd4bc0b5623d2d18f5beb60881f2c359e6f6f4c"},{"path":"\/Users\/abdhilabs-work\/Documents\/About Code\/iOS\/Dicoding\/Submission\/GameRAW\/Domain\/UseCase\/FavoriteGameUseCase.swift","hash":"3cf9bdbe940ac24f0037819beeec489c28d12dfb"},{"path":"\/Users\/abdhilabs-work\/Documents\/About Code\/iOS\/Dicoding\/Submission\/GameRAW\/Domain\/UseCase\/GameUseCase.swift","hash":"7a8a1a84c3530ccce96f803e0bc62bd98c87ba36"},{"path":"\/Users\/abdhilabs-work\/Documents\/About Code\/iOS\/Dicoding\/Submission\/GameRAW\/Domain\/UseCase\/GamesFavoriteUseCase.swift","hash":"52526b3e2bb4d5d4c7c4908e29eb626b79db7fad"},{"path":"\/Users\/abdhilabs-work\/Documents\/About Code\/iOS\/Dicoding\/Submission\/GameRAW\/Domain\/UseCase\/SaveGameUseCase.swift","hash":"11a807835ea24af7e629daf7790ccf1983b0a66f"},{"path":"\/Users\/abdhilabs-work\/Documents\/About Code\/iOS\/Dicoding\/Submission\/GameRAW\/Domain\/UseCase\/SearchGamesUseCase.swift","hash":"39f88cc165b83251cc8b065b8ed7a3ca89fc64d0"}]}}],"sourceRoot":"\/Users\/abdhilabs-work\/Documents\/About Code\/iOS\/Dicoding\/Submission\/GameRAW","supportingFilePaths":[],"name":"GameRAW","projectHash":"44a47d8e7795fd0242cac214a9e2e60cf25ac88e"}