{"projectHash":"44a47d8e7795fd0242cac214a9e2e60cf25ac88e","productModuleName":"GameRAWTests","mockedTypeNames":["\/Users\/abdhilabs-work\/Documents\/About Code\/iOS\/Dicoding\/Submission\/GameRAW\/GameRAWTests\/GameRAWTests.swift",[]],"cliVersion":"0.20.0","sourceFilePaths":[{"path":"\/Users\/abdhilabs-work\/Documents\/About Code\/iOS\/Dicoding\/Submission\/GameRAW\/GameRAWTests\/GameRAWTests.swift","hash":"5772bf654ee5ecdd75fc3601d46f31829f35dbe3"}],"sourceRoot":"\/Users\/abdhilabs-work\/Documents\/About Code\/iOS\/Dicoding\/Submission\/GameRAW","dependencies":[],"name":"GameRAWTests"}